// !$*UTF8*$!
{
	archiveVersion = 1;
	classes = {
	};
	objectVersion = 56;
	objects = {

/* Begin PBXBuildFile section */
		036A07E407E583BB5D0446C2 /* ScheduleEvent.swift in Sources */ = {isa = PBXBuildFile; fileRef = 980A32C637F4D7A57225BC96 /* ScheduleEvent.swift */; };
		26FB34ECF30DA5AE310BD33C /* ScheduleStore.swift in Sources */ = {isa = PBXBuildFile; fileRef = 31CEB07BF0D2F6E9ECD0CBAD /* ScheduleStore.swift */; };
		792E77FFFF2BC981EB6961CF /* BookingRequesterProfileView.swift in Sources */ = {isa = PBXBuildFile; fileRef = D5BB991958041852510D3CA9 /* BookingRequesterProfileView.swift */; };
		B001 /* SonjudeulApp.swift in Sources */ = {isa = PBXBuildFile; fileRef = A001 /* SonjudeulApp.swift */; };
		B002 /* User.swift in Sources */ = {isa = PBXBuildFile; fileRef = A002 /* User.swift */; };
		B003 /* Report.swift in Sources */ = {isa = PBXBuildFile; fileRef = A003 /* Report.swift */; };
		B004 /* Mentor.swift in Sources */ = {isa = PBXBuildFile; fileRef = A004 /* Mentor.swift */; };
		B005 /* Subscription.swift in Sources */ = {isa = PBXBuildFile; fileRef = A005 /* Subscription.swift */; };
		B006 /* MockData.swift in Sources */ = {isa = PBXBuildFile; fileRef = A006 /* MockData.swift */; };
		B007 /* AuthViewModel.swift in Sources */ = {isa = PBXBuildFile; fileRef = A007 /* AuthViewModel.swift */; };
		B008 /* BookingViewModel.swift in Sources */ = {isa = PBXBuildFile; fileRef = A008 /* BookingViewModel.swift */; };
		B009 /* ReportViewModel.swift in Sources */ = {isa = PBXBuildFile; fileRef = A009 /* ReportViewModel.swift */; };
		B010 /* DesignSystem.swift in Sources */ = {isa = PBXBuildFile; fileRef = A010 /* DesignSystem.swift */; };
		B011 /* SonjuCard.swift in Sources */ = {isa = PBXBuildFile; fileRef = A011 /* SonjuCard.swift */; };
		B012 /* AmberButton.swift in Sources */ = {isa = PBXBuildFile; fileRef = A012 /* AmberButton.swift */; };
		B013 /* StarRatingView.swift in Sources */ = {isa = PBXBuildFile; fileRef = A013 /* StarRatingView.swift */; };
		B014 /* BadgeView.swift in Sources */ = {isa = PBXBuildFile; fileRef = A014 /* BadgeView.swift */; };
		B015 /* ReportPhotoCarousel.swift in Sources */ = {isa = PBXBuildFile; fileRef = A015 /* ReportPhotoCarousel.swift */; };
		B016 /* SectionHeader.swift in Sources */ = {isa = PBXBuildFile; fileRef = A016 /* SectionHeader.swift */; };
		B017 /* OnboardingView.swift in Sources */ = {isa = PBXBuildFile; fileRef = A017 /* OnboardingView.swift */; };
		B018 /* RoleSelectView.swift in Sources */ = {isa = PBXBuildFile; fileRef = A018 /* RoleSelectView.swift */; };
		B019 /* LoginView.swift in Sources */ = {isa = PBXBuildFile; fileRef = A019 /* LoginView.swift */; };
		B020 /* HomeView.swift in Sources */ = {isa = PBXBuildFile; fileRef = A020 /* HomeView.swift */; };
		B021 /* ChildTabView.swift in Sources */ = {isa = PBXBuildFile; fileRef = A021 /* ChildTabView.swift */; };
		B022 /* BookingFlowView.swift in Sources */ = {isa = PBXBuildFile; fileRef = A022 /* BookingFlowView.swift */; };
		B023 /* PlanSelectView.swift in Sources */ = {isa = PBXBuildFile; fileRef = A023 /* PlanSelectView.swift */; };
		B024 /* ParentInfoView.swift in Sources */ = {isa = PBXBuildFile; fileRef = A024 /* ParentInfoView.swift */; };
		B026 /* MentorMatchingView.swift in Sources */ = {isa = PBXBuildFile; fileRef = A026 /* MentorMatchingView.swift */; };
		B027 /* BookingCompleteView.swift in Sources */ = {isa = PBXBuildFile; fileRef = A027 /* BookingCompleteView.swift */; };
		B028 /* ReportListView.swift in Sources */ = {isa = PBXBuildFile; fileRef = A028 /* ReportListView.swift */; };
		B029 /* ReportDetailView.swift in Sources */ = {isa = PBXBuildFile; fileRef = A029 /* ReportDetailView.swift */; };
		B030 /* MyPageView.swift in Sources */ = {isa = PBXBuildFile; fileRef = A030 /* MyPageView.swift */; };
		B031 /* MentorHomeView.swift in Sources */ = {isa = PBXBuildFile; fileRef = A031 /* MentorHomeView.swift */; };
		B032 /* ReportWriteView.swift in Sources */ = {isa = PBXBuildFile; fileRef = A032 /* ReportWriteView.swift */; };
		B033 /* BookingHistoryView.swift in Sources */ = {isa = PBXBuildFile; fileRef = A033 /* BookingHistoryView.swift */; };
		B034 /* CheckRow.swift in Sources */ = {isa = PBXBuildFile; fileRef = A034 /* CheckRow.swift */; };
		B035 /* UserStore.swift in Sources */ = {isa = PBXBuildFile; fileRef = A035 /* UserStore.swift */; };
		B036 /* SignUpView.swift in Sources */ = {isa = PBXBuildFile; fileRef = A036 /* SignUpView.swift */; };
		B037 /* SplashView.swift in Sources */ = {isa = PBXBuildFile; fileRef = A037 /* SplashView.swift */; };
		B038 /* PrivacyConsentView.swift in Sources */ = {isa = PBXBuildFile; fileRef = A038 /* PrivacyConsentView.swift */; };
		B039 /* TermsOfServiceView.swift in Sources */ = {isa = PBXBuildFile; fileRef = A039 /* TermsOfServiceView.swift */; };
		B040 /* BookingStore.swift in Sources */ = {isa = PBXBuildFile; fileRef = A040 /* BookingStore.swift */; };
		B041 /* MentorProfileView.swift in Sources */ = {isa = PBXBuildFile; fileRef = A041 /* MentorProfileView.swift */; };
		B042 /* ReportStore.swift in Sources */ = {isa = PBXBuildFile; fileRef = A042 /* ReportStore.swift */; };
		B043 /* MentorRatingView.swift in Sources */ = {isa = PBXBuildFile; fileRef = A043 /* MentorRatingView.swift */; };
		B044 /* ProfileEditView.swift in Sources */ = {isa = PBXBuildFile; fileRef = A044 /* ProfileEditView.swift */; };
		B045 /* ShareSheet.swift in Sources */ = {isa = PBXBuildFile; fileRef = A045 /* ShareSheet.swift */; };
		BCBFBFB7AF2F65E623A0E99F /* ScheduleCalendarView.swift in Sources */ = {isa = PBXBuildFile; fileRef = 4321AAA26902FA59CBB4732B /* ScheduleCalendarView.swift */; };
		CAA60D0C8DADBCE9EB728BCE /* ScheduleAddView.swift in Sources */ = {isa = PBXBuildFile; fileRef = EA1D0C1C7C2E5E5F6E83A522 /* ScheduleAddView.swift */; };
		CAL2 /* CalendarView.swift in Sources */ = {isa = PBXBuildFile; fileRef = CAL1 /* CalendarView.swift */; };
		RASSETS /* Assets.xcassets in Resources */ = {isa = PBXBuildFile; fileRef = FASSETS /* Assets.xcassets */; };
/* End PBXBuildFile section */

/* Begin PBXFileReference section */
		31CEB07BF0D2F6E9ECD0CBAD /* ScheduleStore.swift */ = {isa = PBXFileReference; includeInIndex = 1; lastKnownFileType = sourcecode.swift; path = ScheduleStore.swift; sourceTree = "<group>"; };
		4321AAA26902FA59CBB4732B /* ScheduleCalendarView.swift */ = {isa = PBXFileReference; includeInIndex = 1; lastKnownFileType = sourcecode.swift; path = ScheduleCalendarView.swift; sourceTree = "<group>"; };
		81C1DAD22FADF04300365857 /* SonjudeulApp.xcodeproj */ = {isa = PBXFileReference; lastKnownFileType = "wrapper.pb-project"; path = SonjudeulApp.xcodeproj; sourceTree = SOURCE_ROOT; };
		980A32C637F4D7A57225BC96 /* ScheduleEvent.swift */ = {isa = PBXFileReference; includeInIndex = 1; lastKnownFileType = sourcecode.swift; path = ScheduleEvent.swift; sourceTree = "<group>"; };
		A001 /* SonjudeulApp.swift */ = {isa = PBXFileReference; lastKnownFileType = sourcecode.swift; path = SonjudeulApp.swift; sourceTree = "<group>"; };
		A002 /* User.swift */ = {isa = PBXFileReference; lastKnownFileType = sourcecode.swift; path = User.swift; sourceTree = "<group>"; };
		A003 /* Report.swift */ = {isa = PBXFileReference; lastKnownFileType = sourcecode.swift; path = Report.swift; sourceTree = "<group>"; };
		A004 /* Mentor.swift */ = {isa = PBXFileReference; lastKnownFileType = sourcecode.swift; path = Mentor.swift; sourceTree = "<group>"; };
		A005 /* Subscription.swift */ = {isa = PBXFileReference; lastKnownFileType = sourcecode.swift; path = Subscription.swift; sourceTree = "<group>"; };
		A006 /* MockData.swift */ = {isa = PBXFileReference; lastKnownFileType = sourcecode.swift; path = MockData.swift; sourceTree = "<group>"; };
		A007 /* AuthViewModel.swift */ = {isa = PBXFileReference; lastKnownFileType = sourcecode.swift; path = AuthViewModel.swift; sourceTree = "<group>"; };
		A008 /* BookingViewModel.swift */ = {isa = PBXFileReference; lastKnownFileType = sourcecode.swift; path = BookingViewModel.swift; sourceTree = "<group>"; };
		A009 /* ReportViewModel.swift */ = {isa = PBXFileReference; lastKnownFileType = sourcecode.swift; path = ReportViewModel.swift; sourceTree = "<group>"; };
		A010 /* DesignSystem.swift */ = {isa = PBXFileReference; lastKnownFileType = sourcecode.swift; path = DesignSystem.swift; sourceTree = "<group>"; };
		A011 /* SonjuCard.swift */ = {isa = PBXFileReference; lastKnownFileType = sourcecode.swift; path = SonjuCard.swift; sourceTree = "<group>"; };
		A012 /* AmberButton.swift */ = {isa = PBXFileReference; lastKnownFileType = sourcecode.swift; path = AmberButton.swift; sourceTree = "<group>"; };
		A013 /* StarRatingView.swift */ = {isa = PBXFileReference; lastKnownFileType = sourcecode.swift; path = StarRatingView.swift; sourceTree = "<group>"; };
		A014 /* BadgeView.swift */ = {isa = PBXFileReference; lastKnownFileType = sourcecode.swift; path = BadgeView.swift; sourceTree = "<group>"; };
		A015 /* ReportPhotoCarousel.swift */ = {isa = PBXFileReference; lastKnownFileType = sourcecode.swift; path = ReportPhotoCarousel.swift; sourceTree = "<group>"; };
		A016 /* SectionHeader.swift */ = {isa = PBXFileReference; lastKnownFileType = sourcecode.swift; path = SectionHeader.swift; sourceTree = "<group>"; };
		A017 /* OnboardingView.swift */ = {isa = PBXFileReference; lastKnownFileType = sourcecode.swift; path = OnboardingView.swift; sourceTree = "<group>"; };
		A018 /* RoleSelectView.swift */ = {isa = PBXFileReference; lastKnownFileType = sourcecode.swift; path = RoleSelectView.swift; sourceTree = "<group>"; };
		A019 /* LoginView.swift */ = {isa = PBXFileReference; lastKnownFileType = sourcecode.swift; path = LoginView.swift; sourceTree = "<group>"; };
		A020 /* HomeView.swift */ = {isa = PBXFileReference; lastKnownFileType = sourcecode.swift; path = HomeView.swift; sourceTree = "<group>"; };
		A021 /* ChildTabView.swift */ = {isa = PBXFileReference; lastKnownFileType = sourcecode.swift; path = ChildTabView.swift; sourceTree = "<group>"; };
		A022 /* BookingFlowView.swift */ = {isa = PBXFileReference; lastKnownFileType = sourcecode.swift; path = BookingFlowView.swift; sourceTree = "<group>"; };
		A023 /* PlanSelectView.swift */ = {isa = PBXFileReference; lastKnownFileType = sourcecode.swift; path = PlanSelectView.swift; sourceTree = "<group>"; };
		A024 /* ParentInfoView.swift */ = {isa = PBXFileReference; lastKnownFileType = sourcecode.swift; path = ParentInfoView.swift; sourceTree = "<group>"; };
		A026 /* MentorMatchingView.swift */ = {isa = PBXFileReference; lastKnownFileType = sourcecode.swift; path = MentorMatchingView.swift; sourceTree = "<group>"; };
		A027 /* BookingCompleteView.swift */ = {isa = PBXFileReference; lastKnownFileType = sourcecode.swift; path = BookingCompleteView.swift; sourceTree = "<group>"; };
		A028 /* ReportListView.swift */ = {isa = PBXFileReference; lastKnownFileType = sourcecode.swift; path = ReportListView.swift; sourceTree = "<group>"; };
		A029 /* ReportDetailView.swift */ = {isa = PBXFileReference; lastKnownFileType = sourcecode.swift; path = ReportDetailView.swift; sourceTree = "<group>"; };
		A030 /* MyPageView.swift */ = {isa = PBXFileReference; lastKnownFileType = sourcecode.swift; path = MyPageView.swift; sourceTree = "<group>"; };
		A031 /* MentorHomeView.swift */ = {isa = PBXFileReference; lastKnownFileType = sourcecode.swift; path = MentorHomeView.swift; sourceTree = "<group>"; };
		A032 /* ReportWriteView.swift */ = {isa = PBXFileReference; lastKnownFileType = sourcecode.swift; path = ReportWriteView.swift; sourceTree = "<group>"; };
		A033 /* BookingHistoryView.swift */ = {isa = PBXFileReference; lastKnownFileType = sourcecode.swift; path = BookingHistoryView.swift; sourceTree = "<group>"; };
		A034 /* CheckRow.swift */ = {isa = PBXFileReference; lastKnownFileType = sourcecode.swift; path = CheckRow.swift; sourceTree = "<group>"; };
		A035 /* UserStore.swift */ = {isa = PBXFileReference; lastKnownFileType = sourcecode.swift; path = UserStore.swift; sourceTree = "<group>"; };
		A036 /* SignUpView.swift */ = {isa = PBXFileReference; lastKnownFileType = sourcecode.swift; path = SignUpView.swift; sourceTree = "<group>"; };
		A037 /* SplashView.swift */ = {isa = PBXFileReference; lastKnownFileType = sourcecode.swift; path = SplashView.swift; sourceTree = "<group>"; };
		A038 /* PrivacyConsentView.swift */ = {isa = PBXFileReference; lastKnownFileType = sourcecode.swift; path = PrivacyConsentView.swift; sourceTree = "<group>"; };
		A039 /* TermsOfServiceView.swift */ = {isa = PBXFileReference; lastKnownFileType = sourcecode.swift; path = TermsOfServiceView.swift; sourceTree = "<group>"; };
		A040 /* BookingStore.swift */ = {isa = PBXFileReference; lastKnownFileType = sourcecode.swift; path = BookingStore.swift; sourceTree = "<group>"; };
		A041 /* MentorProfileView.swift */ = {isa = PBXFileReference; lastKnownFileType = sourcecode.swift; path = MentorProfileView.swift; sourceTree = "<group>"; };
		A042 /* ReportStore.swift */ = {isa = PBXFileReference; lastKnownFileType = sourcecode.swift; path = ReportStore.swift; sourceTree = "<group>"; };
		A043 /* MentorRatingView.swift */ = {isa = PBXFileReference; lastKnownFileType = sourcecode.swift; path = MentorRatingView.swift; sourceTree = "<group>"; };
		A044 /* ProfileEditView.swift */ = {isa = PBXFileReference; lastKnownFileType = sourcecode.swift; path = ProfileEditView.swift; sourceTree = "<group>"; };
		A045 /* ShareSheet.swift */ = {isa = PBXFileReference; lastKnownFileType = sourcecode.swift; path = ShareSheet.swift; sourceTree = "<group>"; };
		CAL1 /* CalendarView.swift */ = {isa = PBXFileReference; lastKnownFileType = sourcecode.swift; path = CalendarView.swift; sourceTree = "<group>"; };
		D5BB991958041852510D3CA9 /* BookingRequesterProfileView.swift */ = {isa = PBXFileReference; includeInIndex = 1; lastKnownFileType = sourcecode.swift; path = BookingRequesterProfileView.swift; sourceTree = "<group>"; };
		EA1D0C1C7C2E5E5F6E83A522 /* ScheduleAddView.swift */ = {isa = PBXFileReference; includeInIndex = 1; lastKnownFileType = sourcecode.swift; path = ScheduleAddView.swift; sourceTree = "<group>"; };
		FASSETS /* Assets.xcassets */ = {isa = PBXFileReference; lastKnownFileType = folder.assetcatalog; path = Assets.xcassets; sourceTree = "<group>"; };
		PROD /* SonjudeulApp.app */ = {isa = PBXFileReference; explicitFileType = wrapper.application; includeInIndex = 0; path = SonjudeulApp.app; sourceTree = BUILT_PRODUCTS_DIR; };
/* End PBXFileReference section */

/* Begin PBXFrameworksBuildPhase section */
		FB01 /* Frameworks */ = {
			isa = PBXFrameworksBuildPhase;
			buildActionMask = 2147483647;
			files = (
			);
			runOnlyForDeploymentPostprocessing = 0;
		};
/* End PBXFrameworksBuildPhase section */

/* Begin PBXGroup section */
		81702D3D2FADF13A009CFB5D /* Products */ = {
			isa = PBXGroup;
			children = (
			);
			name = Products;
			sourceTree = "<group>";
		};
		GRP_APP /* SonjudeulApp */ = {
			isa = PBXGroup;
			children = (
				A001 /* SonjudeulApp.swift */,
				FASSETS /* Assets.xcassets */,
				GRP_MODELS /* Models */,
				GRP_VMS /* ViewModels */,
				GRP_COMPONENTS /* Components */,
				GRP_VIEWS /* Views */,
				81C1DAD22FADF04300365857 /* SonjudeulApp.xcodeproj */,
			);
			path = SonjudeulApp;
			sourceTree = "<group>";
		};
		GRP_AUTH /* Auth */ = {
			isa = PBXGroup;
			children = (
				A018 /* RoleSelectView.swift */,
				A019 /* LoginView.swift */,
				A036 /* SignUpView.swift */,
				A037 /* SplashView.swift */,
			);
			path = Auth;
			sourceTree = "<group>";
		};
		GRP_BOOKING /* Booking */ = {
			isa = PBXGroup;
			children = (
				A022 /* BookingFlowView.swift */,
				A023 /* PlanSelectView.swift */,
				A024 /* ParentInfoView.swift */,
				A026 /* MentorMatchingView.swift */,
				A027 /* BookingCompleteView.swift */,
			);
			path = Booking;
			sourceTree = "<group>";
		};
		GRP_CHILD /* Child */ = {
			isa = PBXGroup;
			children = (
				A020 /* HomeView.swift */,
				A021 /* ChildTabView.swift */,
				A033 /* BookingHistoryView.swift */,
				A041 /* MentorProfileView.swift */,
				A043 /* MentorRatingView.swift */,
				GRP_BOOKING /* Booking */,
				GRP_REPORT /* Report */,
				GRP_MYPAGE /* MyPage */,
			);
			path = Child;
			sourceTree = "<group>";
		};
		GRP_COMPONENTS /* Components */ = {
			isa = PBXGroup;
			children = (
				A010 /* DesignSystem.swift */,
				A011 /* SonjuCard.swift */,
				A012 /* AmberButton.swift */,
				A013 /* StarRatingView.swift */,
				A014 /* BadgeView.swift */,
				A015 /* ReportPhotoCarousel.swift */,
				A016 /* SectionHeader.swift */,
				A034 /* CheckRow.swift */,
				A045 /* ShareSheet.swift */,
			);
			path = Components;
			sourceTree = "<group>";
		};
		GRP_MENTOR /* Mentor */ = {
			isa = PBXGroup;
			children = (
				A031 /* MentorHomeView.swift */,
				A032 /* ReportWriteView.swift */,
				D5BB991958041852510D3CA9 /* BookingRequesterProfileView.swift */,
			);
			path = Mentor;
			sourceTree = "<group>";
		};
		GRP_MODELS /* Models */ = {
			isa = PBXGroup;
			children = (
				A002 /* User.swift */,
				A003 /* Report.swift */,
				A004 /* Mentor.swift */,
				A005 /* Subscription.swift */,
				A006 /* MockData.swift */,
				A035 /* UserStore.swift */,
				A040 /* BookingStore.swift */,
				A042 /* ReportStore.swift */,
				980A32C637F4D7A57225BC96 /* ScheduleEvent.swift */,
				31CEB07BF0D2F6E9ECD0CBAD /* ScheduleStore.swift */,
			);
			path = Models;
			sourceTree = "<group>";
		};
		GRP_MYPAGE /* MyPage */ = {
			isa = PBXGroup;
			children = (
				A030 /* MyPageView.swift */,
				A038 /* PrivacyConsentView.swift */,
				A039 /* TermsOfServiceView.swift */,
			);
			path = MyPage;
			sourceTree = "<group>";
		};
		GRP_ONBOARDING /* Onboarding */ = {
			isa = PBXGroup;
			children = (
				A017 /* OnboardingView.swift */,
			);
			path = Onboarding;
			sourceTree = "<group>";
		};
		GRP_PROD /* Products */ = {
			isa = PBXGroup;
			children = (
				PROD /* SonjudeulApp.app */,
			);
			name = Products;
			sourceTree = "<group>";
		};
		GRP_REPORT /* Report */ = {
			isa = PBXGroup;
			children = (
				A028 /* ReportListView.swift */,
				A029 /* ReportDetailView.swift */,
			);
			path = Report;
			sourceTree = "<group>";
		};
		GRP_VIEWS /* Views */ = {
			isa = PBXGroup;
			children = (
				GRP_ONBOARDING /* Onboarding */,
				GRP_AUTH /* Auth */,
				GRP_CHILD /* Child */,
				GRP_MENTOR /* Mentor */,
				A044 /* ProfileEditView.swift */,
				CAL1 /* CalendarView.swift */,
				4321AAA26902FA59CBB4732B /* ScheduleCalendarView.swift */,
				EA1D0C1C7C2E5E5F6E83A522 /* ScheduleAddView.swift */,
			);
			path = Views;
			sourceTree = "<group>";
		};
		GRP_VMS /* ViewModels */ = {
			isa = PBXGroup;
			children = (
				A007 /* AuthViewModel.swift */,
				A008 /* BookingViewModel.swift */,
				A009 /* ReportViewModel.swift */,
			);
			path = ViewModels;
			sourceTree = "<group>";
		};
		ROOT = {
			isa = PBXGroup;
			children = (
				GRP_APP /* SonjudeulApp */,
				GRP_PROD /* Products */,
			);
			sourceTree = "<group>";
		};
/* End PBXGroup section */

/* Begin PBXNativeTarget section */
		TGT1 /* SonjudeulApp */ = {
			isa = PBXNativeTarget;
			buildConfigurationList = BCL1 /* Build configuration list for PBXNativeTarget "SonjudeulApp" */;
			buildPhases = (
				SRC1 /* Sources */,
				FB01 /* Frameworks */,
				RES1 /* Resources */,
			);
			buildRules = (
			);
			dependencies = (
			);
			name = SonjudeulApp;
			productName = SonjudeulApp;
			productReference = PROD /* SonjudeulApp.app */;
			productType = "com.apple.product-type.application";
		};
/* End PBXNativeTarget section */

/* Begin PBXProject section */
		PROJ /* Project object */ = {
			isa = PBXProject;
			attributes = {
				BuildIndependentTargetsInParallel = 1;
				LastSwiftUpdateCheck = 1500;
				LastUpgradeCheck = 1500;
				TargetAttributes = {
					TGT1 = {
						CreatedOnToolsVersion = 15.0;
					};
				};
			};
			buildConfigurationList = BCL0 /* Build configuration list for PBXProject "SonjudeulApp" */;
			compatibilityVersion = "Xcode 14.0";
			developmentRegion = ko;
			hasScannedForEncodings = 0;
			knownRegions = (
				ko,
				en,
				Base,
			);
			mainGroup = ROOT;
			productRefGroup = GRP_PROD /* Products */;
			projectDirPath = "";
			projectReferences = (
				{
					ProductGroup = 81702D3D2FADF13A009CFB5D /* Products */;
					ProjectRef = 81C1DAD22FADF04300365857 /* SonjudeulApp.xcodeproj */;
				},
			);
			projectRoot = "";
			targets = (
				TGT1 /* SonjudeulApp */,
			);
		};
/* End PBXProject section */

/* Begin PBXResourcesBuildPhase section */
		RES1 /* Resources */ = {
			isa = PBXResourcesBuildPhase;
			buildActionMask = 2147483647;
			files = (
				RASSETS /* Assets.xcassets in Resources */,
			);
			runOnlyForDeploymentPostprocessing = 0;
		};
/* End PBXResourcesBuildPhase section */

/* Begin PBXSourcesBuildPhase section */
		SRC1 /* Sources */ = {
			isa = PBXSourcesBuildPhase;
			buildActionMask = 2147483647;
			files = (
				B001 /* SonjudeulApp.swift in Sources */,
				B002 /* User.swift in Sources */,
				B003 /* Report.swift in Sources */,
				B004 /* Mentor.swift in Sources */,
				B005 /* Subscription.swift in Sources */,
				B006 /* MockData.swift in Sources */,
				B035 /* UserStore.swift in Sources */,
				B040 /* BookingStore.swift in Sources */,
				B007 /* AuthViewModel.swift in Sources */,
				B008 /* BookingViewModel.swift in Sources */,
				B009 /* ReportViewModel.swift in Sources */,
				B010 /* DesignSystem.swift in Sources */,
				B011 /* SonjuCard.swift in Sources */,
				B012 /* AmberButton.swift in Sources */,
				B013 /* StarRatingView.swift in Sources */,
				B014 /* BadgeView.swift in Sources */,
				B015 /* ReportPhotoCarousel.swift in Sources */,
				B016 /* SectionHeader.swift in Sources */,
				B034 /* CheckRow.swift in Sources */,
				B017 /* OnboardingView.swift in Sources */,
				B018 /* RoleSelectView.swift in Sources */,
				B019 /* LoginView.swift in Sources */,
				B036 /* SignUpView.swift in Sources */,
				B037 /* SplashView.swift in Sources */,
				B020 /* HomeView.swift in Sources */,
				B021 /* ChildTabView.swift in Sources */,
				B022 /* BookingFlowView.swift in Sources */,
				B023 /* PlanSelectView.swift in Sources */,
				B024 /* ParentInfoView.swift in Sources */,
				B026 /* MentorMatchingView.swift in Sources */,
				B027 /* BookingCompleteView.swift in Sources */,
				B028 /* ReportListView.swift in Sources */,
				B029 /* ReportDetailView.swift in Sources */,
				B030 /* MyPageView.swift in Sources */,
				B038 /* PrivacyConsentView.swift in Sources */,
				B039 /* TermsOfServiceView.swift in Sources */,
				B031 /* MentorHomeView.swift in Sources */,
				B032 /* ReportWriteView.swift in Sources */,
				B033 /* BookingHistoryView.swift in Sources */,
				B041 /* MentorProfileView.swift in Sources */,
				B042 /* ReportStore.swift in Sources */,
				B043 /* MentorRatingView.swift in Sources */,
				B044 /* ProfileEditView.swift in Sources */,
				CAL2 /* CalendarView.swift in Sources */,
				B045 /* ShareSheet.swift in Sources */,
				036A07E407E583BB5D0446C2 /* ScheduleEvent.swift in Sources */,
				26FB34ECF30DA5AE310BD33C /* ScheduleStore.swift in Sources */,
				BCBFBFB7AF2F65E623A0E99F /* ScheduleCalendarView.swift in Sources */,
				CAA60D0C8DADBCE9EB728BCE /* ScheduleAddView.swift in Sources */,
				792E77FFFF2BC981EB6961CF /* BookingRequesterProfileView.swift in Sources */,
			);
			runOnlyForDeploymentPostprocessing = 0;
		};
/* End PBXSourcesBuildPhase section */

/* Begin XCBuildConfiguration section */
		BC01 /* Debug */ = {
			isa = XCBuildConfiguration;
			buildSettings = {
				ALWAYS_SEARCH_USER_PATHS = NO;
				ASSETCATALOG_COMPILER_GENERATE_SWIFT_ASSET_SYMBOL_EXTENSIONS = YES;
				CLANG_ANALYZER_NONNULL = YES;
				CLANG_ANALYZER_NUMBER_OBJECT_CONVERSION = YES_AGGRESSIVE;
				CLANG_CXX_LANGUAGE_STANDARD = "gnu++20";
				CLANG_ENABLE_MODULES = YES;
				CLANG_ENABLE_OBJC_ARC = YES;
				CLANG_ENABLE_OBJC_WEAK = YES;
				CLANG_WARN_BLOCK_CAPTURE_AUTORELEASING = YES;
				CLANG_WARN_BOOL_CONVERSION = YES;
				CLANG_WARN_COMMA = YES;
				CLANG_WARN_CONSTANT_CONVERSION = YES;
				CLANG_WARN_DEPRECATED_OBJC_IMPLEMENTATIONS = YES;
				CLANG_WARN_DIRECT_OBJC_ISA_USAGE = YES_ERROR;
				CLANG_WARN_DOCUMENTATION_COMMENTS = YES;
				CLANG_WARN_EMPTY_BODY = YES;
				CLANG_WARN_ENUM_CONVERSION = YES;
				CLANG_WARN_INFINITE_RECURSION = YES;
				CLANG_WARN_INT_CONVERSION = YES;
				CLANG_WARN_NON_LITERAL_NULL_CONVERSION = YES;
				CLANG_WARN_OBJC_IMPLICIT_RETAIN_SELF = YES;
				CLANG_WARN_OBJC_LITERAL_CONVERSION = YES;
				CLANG_WARN_OBJC_ROOT_CLASS = YES_ERROR;
				CLANG_WARN_QUOTED_INCLUDE_IN_FRAMEWORK_HEADER = YES;
				CLANG_WARN_RANGE_LOOP_ANALYSIS = YES;
				CLANG_WARN_STRICT_PROTOTYPES = YES;
				CLANG_WARN_SUSPICIOUS_MOVE = YES;
				CLANG_WARN_UNGUARDED_AVAILABILITY = YES_AGGRESSIVE;
				CLANG_WARN_UNREACHABLE_CODE = YES;
				CLANG_WARN__DUPLICATE_METHOD_MATCH = YES;
				COPY_PHASE_STRIP = NO;
				DEBUG_INFORMATION_FORMAT = dwarf;
				ENABLE_STRICT_OBJC_MSGSEND = YES;
				ENABLE_TESTABILITY = YES;
				ENABLE_USER_SCRIPT_SANDBOXING = YES;
				GCC_C_LANGUAGE_STANDARD = gnu17;
				GCC_DYNAMIC_NO_PIC = NO;
				GCC_NO_COMMON_BLOCKS = YES;
				GCC_OPTIMIZATION_LEVEL = 0;
				GCC_PREPROCESSOR_DEFINITIONS = (
					"DEBUG=1",
					"$(inherited)",
				);
				GCC_WARN_64_TO_32_BIT_CONVERSION = YES;
				GCC_WARN_ABOUT_RETURN_TYPE = YES_ERROR;
				GCC_WARN_UNDECLARED_SELECTOR = YES;
				GCC_WARN_UNINITIALIZED_AUTOS = YES_AGGRESSIVE;
				GCC_WARN_UNUSED_FUNCTION = YES;
				GCC_WARN_UNUSED_VARIABLE = YES;
				IPHONEOS_DEPLOYMENT_TARGET = 16.0;
				MTL_ENABLE_DEBUG_INFO = INCLUDE_SOURCE;
				MTL_FAST_MATH = YES;
				ONLY_ACTIVE_ARCH = YES;
				SDKROOT = iphoneos;
				SWIFT_ACTIVE_COMPILATION_CONDITIONS = "DEBUG $(inherited)";
				SWIFT_OPTIMIZATION_LEVEL = "-Onone";
			};
			name = Debug;
		};
		BC02 /* Release */ = {
			isa = XCBuildConfiguration;
			buildSettings = {
				ALWAYS_SEARCH_USER_PATHS = NO;
				ASSETCATALOG_COMPILER_GENERATE_SWIFT_ASSET_SYMBOL_EXTENSIONS = YES;
				CLANG_ANALYZER_NONNULL = YES;
				CLANG_ANALYZER_NUMBER_OBJECT_CONVERSION = YES_AGGRESSIVE;
				CLANG_CXX_LANGUAGE_STANDARD = "gnu++20";
				CLANG_ENABLE_MODULES = YES;
				CLANG_ENABLE_OBJC_ARC = YES;
				CLANG_ENABLE_OBJC_WEAK = YES;
				CLANG_WARN_BLOCK_CAPTURE_AUTORELEASING = YES;
				CLANG_WARN_BOOL_CONVERSION = YES;
				CLANG_WARN_COMMA = YES;
				CLANG_WARN_CONSTANT_CONVERSION = YES;
				CLANG_WARN_DEPRECATED_OBJC_IMPLEMENTATIONS = YES;
				CLANG_WARN_DIRECT_OBJC_ISA_USAGE = YES_ERROR;
				CLANG_WARN_DOCUMENTATION_COMMENTS = YES;
				CLANG_WARN_EMPTY_BODY = YES;
				CLANG_WARN_ENUM_CONVERSION = YES;
				CLANG_WARN_INFINITE_RECURSION = YES;
				CLANG_WARN_INT_CONVERSION = YES;
				CLANG_WARN_NON_LITERAL_NULL_CONVERSION = YES;
				CLANG_WARN_OBJC_IMPLICIT_RETAIN_SELF = YES;
				CLANG_WARN_OBJC_LITERAL_CONVERSION = YES;
				CLANG_WARN_OBJC_ROOT_CLASS = YES_ERROR;
				CLANG_WARN_QUOTED_INCLUDE_IN_FRAMEWORK_HEADER = YES;
				CLANG_WARN_RANGE_LOOP_ANALYSIS = YES;
				CLANG_WARN_STRICT_PROTOTYPES = YES;
				CLANG_WARN_SUSPICIOUS_MOVE = YES;
				CLANG_WARN_UNGUARDED_AVAILABILITY = YES_AGGRESSIVE;
				CLANG_WARN_UNREACHABLE_CODE = YES;
				CLANG_WARN__DUPLICATE_METHOD_MATCH = YES;
				COPY_PHASE_STRIP = NO;
				DEBUG_INFORMATION_FORMAT = "dwarf-with-dsym";
				ENABLE_NS_ASSERTIONS = NO;
				ENABLE_STRICT_OBJC_MSGSEND = YES;
				ENABLE_USER_SCRIPT_SANDBOXING = YES;
				GCC_C_LANGUAGE_STANDARD = gnu17;
				GCC_NO_COMMON_BLOCKS = YES;
				GCC_WARN_64_TO_32_BIT_CONVERSION = YES;
				GCC_WARN_ABOUT_RETURN_TYPE = YES_ERROR;
				GCC_WARN_UNDECLARED_SELECTOR = YES;
				GCC_WARN_UNINITIALIZED_AUTOS = YES_AGGRESSIVE;
				GCC_WARN_UNUSED_FUNCTION = YES;
				GCC_WARN_UNUSED_VARIABLE = YES;
				IPHONEOS_DEPLOYMENT_TARGET = 16.0;
				MTL_ENABLE_DEBUG_INFO = NO;
				MTL_FAST_MATH = YES;
				SDKROOT = iphoneos;
				SWIFT_COMPILATION_MODE = wholemodule;
				VALIDATE_PRODUCT = YES;
			};
			name = Release;
		};
		BC03 /* Debug */ = {
			isa = XCBuildConfiguration;
			buildSettings = {
				ASSETCATALOG_COMPILER_APPICON_NAME = AppIcon;
				ASSETCATALOG_COMPILER_GLOBAL_ACCENT_COLOR_NAME = AccentColor;
				CODE_SIGN_STYLE = Automatic;
				CURRENT_PROJECT_VERSION = 1;
				DEVELOPMENT_ASSET_PATHS = "";
				DEVELOPMENT_TEAM = YJ4WVNYMV3;
				ENABLE_PREVIEWS = YES;
				GENERATE_INFOPLIST_FILE = YES;
				INFOPLIST_KEY_CFBundleDisplayName = "손주들";
				INFOPLIST_KEY_UIApplicationSceneManifest_Generation = YES;
				INFOPLIST_KEY_UIApplicationSupportsIndirectInputEvents = YES;
				INFOPLIST_KEY_UILaunchScreen_Generation = YES;
				INFOPLIST_KEY_UISupportedInterfaceOrientations_iPhone = "UIInterfaceOrientationPortrait UIInterfaceOrientationLandscapeLeft UIInterfaceOrientationLandscapeRight";
				IPHONEOS_DEPLOYMENT_TARGET = 16.0;
				LD_RUNPATH_SEARCH_PATHS = (
					"$(inherited)",
					"@executable_path/Frameworks",
				);
				MARKETING_VERSION = 1.0;
				PRODUCT_BUNDLE_IDENTIFIER = com.kimnahyun.sonjudeulapp;
				PRODUCT_NAME = "$(TARGET_NAME)";
				SWIFT_EMIT_LOC_STRINGS = YES;
				SWIFT_VERSION = 5.0;
				TARGETED_DEVICE_FAMILY = 1;
			};
			name = Debug;
		};
		BC04 /* Release */ = {
			isa = XCBuildConfiguration;
			buildSettings = {
				ASSETCATALOG_COMPILER_APPICON_NAME = AppIcon;
				ASSETCATALOG_COMPILER_GLOBAL_ACCENT_COLOR_NAME = AccentColor;
				CODE_SIGN_STYLE = Automatic;
				CURRENT_PROJECT_VERSION = 1;
				DEVELOPMENT_ASSET_PATHS = "";
				DEVELOPMENT_TEAM = YJ4WVNYMV3;
				ENABLE_PREVIEWS = YES;
				GENERATE_INFOPLIST_FILE = YES;
				INFOPLIST_KEY_CFBundleDisplayName = "손주들";
				INFOPLIST_KEY_UIApplicationSceneManifest_Generation = YES;
				INFOPLIST_KEY_UIApplicationSupportsIndirectInputEvents = YES;
				INFOPLIST_KEY_UILaunchScreen_Generation = YES;
				INFOPLIST_KEY_UISupportedInterfaceOrientations_iPhone = "UIInterfaceOrientationPortrait UIInterfaceOrientationLandscapeLeft UIInterfaceOrientationLandscapeRight";
				IPHONEOS_DEPLOYMENT_TARGET = 16.0;
				LD_RUNPATH_SEARCH_PATHS = (
					"$(inherited)",
					"@executable_path/Frameworks",
				);
				MARKETING_VERSION = 1.0;
				PRODUCT_BUNDLE_IDENTIFIER = com.kimnahyun.sonjudeulapp;
				PRODUCT_NAME = "$(TARGET_NAME)";
				SWIFT_EMIT_LOC_STRINGS = YES;
				SWIFT_VERSION = 5.0;
				TARGETED_DEVICE_FAMILY = 1;
			};
			name = Release;
		};
/* End XCBuildConfiguration section */

/* Begin XCConfigurationList section */
		BCL0 /* Build configuration list for PBXProject "SonjudeulApp" */ = {
			isa = XCConfigurationList;
			buildConfigurations = (
				BC01 /* Debug */,
				BC02 /* Release */,
			);
			defaultConfigurationIsVisible = 0;
			defaultConfigurationName = Release;
		};
		BCL1 /* Build configuration list for PBXNativeTarget "SonjudeulApp" */ = {
			isa = XCConfigurationList;
			buildConfigurations = (
				BC03 /* Debug */,
				BC04 /* Release */,
			);
			defaultConfigurationIsVisible = 0;
			defaultConfigurationName = Release;
		};
/* End XCConfigurationList section */
	};
	rootObject = PROJ /* Project object */;
}
